
Microsoft Visual Studio Solution File, Format Version 12.00
# Visual Studio Version 17
VisualStudioVersion = 17.0.31903.59
MinimumVisualStudioVersion = 10.0.40219.1
Project("{2150E333-8FDC-42A3-9474-1A3956D46DE8}") = "src", "src", "{827E0CD3-B72D-47B6-A68D-7590B98EB39B}"
EndProject
Project("{FAE04EC0-301F-11D3-BF4B-00C04F79EFBC}") = "CStoValuation.Core", "src\CStoValuation.Core\CStoValuation.Core.csproj", "{76DF8BC5-F478-4672-A45E-B18193C311D7}"
EndProject
Project("{FAE04EC0-301F-11D3-BF4B-00C04F79EFBC}") = "CStoValuation.Infrastructure", "src\CStoValuation.Infrastructure\CStoValuation.Infrastructure.csproj", "{A8221F13-78AF-4B71-97F8-BCE203D210FB}"
EndProject
Project("{FAE04EC0-301F-11D3-BF4B-00C04F79EFBC}") = "CStoValuation.App", "src\CStoValuation.App\CStoValuation.App.csproj", "{F5C0718F-C512-45E7-A48F-2A81D31DBD23}"
EndProject
Project("{FAE04EC0-301F-11D3-BF4B-00C04F79EFBC}") = "CStoValuation.Tests", "tests\CStoValuation.Tests\CStoValuation.Tests.csproj", "{C5CF35C8-804F-4265-BA94-C67C1F44D8AD}"
EndProject
Global
	GlobalSection(SolutionConfigurationPlatforms) = preSolution
		Debug|Any CPU = Debug|Any CPU
		Debug|x64 = Debug|x64
		Debug|x86 = Debug|x86
		Release|Any CPU = Release|Any CPU
		Release|x64 = Release|x64
		Release|x86 = Release|x86
	EndGlobalSection
	GlobalSection(ProjectConfigurationPlatforms) = postSolution
		{76DF8BC5-F478-4672-A45E-B18193C311D7}.Debug|Any CPU.ActiveCfg = Debug|Any CPU
		{76DF8BC5-F478-4672-A45E-B18193C311D7}.Debug|Any CPU.Build.0 = Debug|Any CPU
		{76DF8BC5-F478-4672-A45E-B18193C311D7}.Debug|x64.ActiveCfg = Debug|Any CPU
		{76DF8BC5-F478-4672-A45E-B18193C311D7}.Debug|x64.Build.0 = Debug|Any CPU
		{76DF8BC5-F478-4672-A45E-B18193C311D7}.Debug|x86.ActiveCfg = Debug|Any CPU
		{76DF8BC5-F478-4672-A45E-B18193C311D7}.Debug|x86.Build.0 = Debug|Any CPU
		{76DF8BC5-F478-4672-A45E-B18193C311D7}.Release|Any CPU.ActiveCfg = Release|Any CPU
		{76DF8BC5-F478-4672-A45E-B18193C311D7}.Release|Any CPU.Build.0 = Release|Any CPU
		{76DF8BC5-F478-4672-A45E-B18193C311D7}.Release|x64.ActiveCfg = Release|Any CPU
		{76DF8BC5-F478-4672-A45E-B18193C311D7}.Release|x64.Build.0 = Release|Any CPU
		{76DF8BC5-F478-4672-A45E-B18193C311D7}.Release|x86.ActiveCfg = Release|Any CPU
		{76DF8BC5-F478-4672-A45E-B18193C311D7}.Release|x86.Build.0 = Release|Any CPU
		{A8221F13-78AF-4B71-97F8-BCE203D210FB}.Debug|Any CPU.ActiveCfg = Debug|Any CPU
		{A8221F13-78AF-4B71-97F8-BCE203D210FB}.Debug|Any CPU.Build.0 = Debug|Any CPU
		{A8221F13-78AF-4B71-97F8-BCE203D210FB}.Debug|x64.ActiveCfg = Debug|Any CPU
		{A8221F13-78AF-4B71-97F8-BCE203D210FB}.Debug|x64.Build.0 = Debug|Any CPU
		{A8221F13-78AF-4B71-97F8-BCE203D210FB}.Debug|x86.ActiveCfg = Debug|Any CPU
		{A8221F13-78AF-4B71-97F8-BCE203D210FB}.Debug|x86.Build.0 = Debug|Any CPU
		{A8221F13-78AF-4B71-97F8-BCE203D210FB}.Release|Any CPU.ActiveCfg = Release|Any CPU
		{A8221F13-78AF-4B71-97F8-BCE203D210FB}.Release|Any CPU.Build.0 = Release|Any CPU
		{A8221F13-78AF-4B71-97F8-BCE203D210FB}.Release|x64.ActiveCfg = Release|Any CPU
		{A8221F13-78AF-4B71-97F8-BCE203D210FB}.Release|x64.Build.0 = Release|Any CPU
		{A8221F13-78AF-4B71-97F8-BCE203D210FB}.Release|x86.ActiveCfg = Release|Any CPU
		{A8221F13-78AF-4B71-97F8-BCE203D210FB}.Release|x86.Build.0 = Release|Any CPU
		{F5C0718F-C512-45E7-A48F-2A81D31DBD23}.Debug|Any CPU.ActiveCfg = Debug|Any CPU
		{F5C0718F-C512-45E7-A48F-2A81D31DBD23}.Debug|Any CPU.Build.0 = Debug|Any CPU
		{F5C0718F-C512-45E7-A48F-2A81D31DBD23}.Debug|x64.ActiveCfg = Debug|Any CPU
		{F5C0718F-C512-45E7-A48F-2A81D31DBD23}.Debug|x64.Build.0 = Debug|Any CPU
		{F5C0718F-C512-45E7-A48F-2A81D31DBD23}.Debug|x86.ActiveCfg = Debug|Any CPU
		{F5C0718F-C512-45E7-A48F-2A81D31DBD23}.Debug|x86.Build.0 = Debug|Any CPU
		{F5C0718F-C512-45E7-A48F-2A81D31DBD23}.Release|Any CPU.ActiveCfg = Release|Any CPU
		{F5C0718F-C512-45E7-A48F-2A81D31DBD23}.Release|Any CPU.Build.0 = Release|Any CPU
		{F5C0718F-C512-45E7-A48F-2A81D31DBD23}.Release|x64.ActiveCfg = Release|Any CPU
		{F5C0718F-C512-45E7-A48F-2A81D31DBD23}.Release|x64.Build.0 = Release|Any CPU
		{F5C0718F-C512-45E7-A48F-2A81D31DBD23}.Release|x86.ActiveCfg = Release|Any CPU
		{F5C0718F-C512-45E7-A48F-2A81D31DBD23}.Release|x86.Build.0 = Release|Any CPU
		{C5CF35C8-804F-4265-BA94-C67C1F44D8AD}.Debug|Any CPU.ActiveCfg = Debug|Any CPU
		{C5CF35C8-804F-4265-BA94-C67C1F44D8AD}.Debug|Any CPU.Build.0 = Debug|Any CPU
		{C5CF35C8-804F-4265-BA94-C67C1F44D8AD}.Debug|x64.ActiveCfg = Debug|Any CPU
		{C5CF35C8-804F-4265-BA94-C67C1F44D8AD}.Debug|x64.Build.0 = Debug|Any CPU
		{C5CF35C8-804F-4265-BA94-C67C1F44D8AD}.Debug|x86.ActiveCfg = Debug|Any CPU
		{C5CF35C8-804F-4265-BA94-C67C1F44D8AD}.Debug|x86.Build.0 = Debug|Any CPU
		{C5CF35C8-804F-4265-BA94-C67C1F44D8AD}.Release|Any CPU.ActiveCfg = Release|Any CPU
		{C5CF35C8-804F-4265-BA94-C67C1F44D8AD}.Release|Any CPU.Build.0 = Release|Any CPU
		{C5CF35C8-804F-4265-BA94-C67C1F44D8AD}.Release|x64.ActiveCfg = Release|Any CPU
		{C5CF35C8-804F-4265-BA94-C67C1F44D8AD}.Release|x64.Build.0 = Release|Any CPU
		{C5CF35C8-804F-4265-BA94-C67C1F44D8AD}.Release|x86.ActiveCfg = Release|Any CPU
		{C5CF35C8-804F-4265-BA94-C67C1F44D8AD}.Release|x86.Build.0 = Release|Any CPU
	EndGlobalSection
	GlobalSection(SolutionProperties) = preSolution
		HideSolutionNode = FALSE
	EndGlobalSection
	GlobalSection(NestedProjects) = preSolution
		{76DF8BC5-F478-4672-A45E-B18193C311D7} = {827E0CD3-B72D-47B6-A68D-7590B98EB39B}
		{A8221F13-78AF-4B71-97F8-BCE203D210FB} = {827E0CD3-B72D-47B6-A68D-7590B98EB39B}
		{F5C0718F-C512-45E7-A48F-2A81D31DBD23} = {827E0CD3-B72D-47B6-A68D-7590B98EB39B}
		{C5CF35C8-804F-4265-BA94-C67C1F44D8AD} = {827E0CD3-B72D-47B6-A68D-7590B98EB39B}
	EndGlobalSection
EndGlobal
